
Microsoft Visual Studio Solution File, Format Version 12.00
# Visual Studio Version 16
VisualStudioVersion = 16.0.28922.388
MinimumVisualStudioVersion = 10.0.40219.1
Project("{9A19103F-16F7-4668-BE54-9A1E7A4F7556}") = "ResistorColor", "ResistorColor.csproj", "{638A4FC4-1420-42CB-8B42-8B36CAAFFD5A}"
EndProject
Global
	GlobalSection(SolutionConfigurationPlatforms) = preSolution
		Debug|Any CPU = Debug|Any CPU
		Release|Any CPU = Release|Any CPU
	EndGlobalSection
	GlobalSection(ProjectConfigurationPlatforms) = postSolution
		{638A4FC4-1420-42CB-8B42-8B36CAAFFD5A}.Debug|Any CPU.ActiveCfg = Debug|Any CPU
		{638A4FC4-1420-42CB-8B42-8B36CAAFFD5A}.Debug|Any CPU.Build.0 = Debug|Any CPU
		{638A4FC4-1420-42CB-8B42-8B36CAAFFD5A}.Release|Any CPU.ActiveCfg = Release|Any CPU
		{638A4FC4-1420-42CB-8B42-8B36CAAFFD5A}.Release|Any CPU.Build.0 = Release|Any CPU
	EndGlobalSection
	GlobalSection(SolutionProperties) = preSolution
		HideSolutionNode = FALSE
	EndGlobalSection
	GlobalSection(ExtensibilityGlobals) = postSolution
		SolutionGuid = {F124BB26-343A-44AA-AB23-E4B762D21947}
	EndGlobalSection
EndGlobal
