
Microsoft Visual Studio Solution File, Format Version 12.00
# Visual Studio Version 16
VisualStudioVersion = 16.0.28922.388
MinimumVisualStudioVersion = 10.0.40219.1
Project("{9A19103F-16F7-4668-BE54-9A1E7A4F7556}") = "Leap", "Leap.csproj", "{9F7C4A2E-D8B3-4A73-B9C7-BC7154C40B9A}"
EndProject
Global
	GlobalSection(SolutionConfigurationPlatforms) = preSolution
		Debug|Any CPU = Debug|Any CPU
		Release|Any CPU = Release|Any CPU
	EndGlobalSection
	GlobalSection(ProjectConfigurationPlatforms) = postSolution
		{9F7C4A2E-D8B3-4A73-B9C7-BC7154C40B9A}.Debug|Any CPU.ActiveCfg = Debug|Any CPU
		{9F7C4A2E-D8B3-4A73-B9C7-BC7154C40B9A}.Debug|Any CPU.Build.0 = Debug|Any CPU
		{9F7C4A2E-D8B3-4A73-B9C7-BC7154C40B9A}.Release|Any CPU.ActiveCfg = Release|Any CPU
		{9F7C4A2E-D8B3-4A73-B9C7-BC7154C40B9A}.Release|Any CPU.Build.0 = Release|Any CPU
	EndGlobalSection
	GlobalSection(SolutionProperties) = preSolution
		HideSolutionNode = FALSE
	EndGlobalSection
	GlobalSection(ExtensibilityGlobals) = postSolution
		SolutionGuid = {D5DB54B0-9CCB-4EC6-B0C2-3B149A89ACDA}
	EndGlobalSection
EndGlobal
